// !$*UTF8*$!
{
	archiveVersion = 1;
	classes = {
	};
	objectVersion = 56;
	objects = {

/* Begin PBXBuildFile section */
		A10000000000000000000001 /* ShareSyncMacApp.swift in Sources */ = {isa = PBXBuildFile; fileRef = A20000000000000000000001 /* ShareSyncMacApp.swift */; };
		A10000000000000000000002 /* MacContentView.swift in Sources */ = {isa = PBXBuildFile; fileRef = A20000000000000000000002 /* MacContentView.swift */; };
		A10000000000000000000003 /* MacPhotoSyncViewModel.swift in Sources */ = {isa = PBXBuildFile; fileRef = A20000000000000000000003 /* MacPhotoSyncViewModel.swift */; };
		A10000000000000000000004 /* MacDeviceIdentity.swift in Sources */ = {isa = PBXBuildFile; fileRef = A20000000000000000000004 /* MacDeviceIdentity.swift */; };
		A10000000000000000000006 /* MacPairingListener.swift in Sources */ = {isa = PBXBuildFile; fileRef = A2000000000000000000000B /* MacPairingListener.swift */; };
		A10000000000000000000007 /* MacQRCodeView.swift in Sources */ = {isa = PBXBuildFile; fileRef = A2000000000000000000000C /* MacQRCodeView.swift */; };
		A10000000000000000000005 /* Localizable.strings in Resources */ = {isa = PBXBuildFile; fileRef = A20000000000000000000008 /* Localizable.strings */; };
		A10000000000000000000010 /* LocalPeerDiscovery.swift in Sources */ = {isa = PBXBuildFile; fileRef = A20000000000000000000010 /* LocalPeerDiscovery.swift */; };
		A10000000000000000000011 /* PhotoImporter.swift in Sources */ = {isa = PBXBuildFile; fileRef = A20000000000000000000011 /* PhotoImporter.swift */; };
		A10000000000000000000012 /* PhotoKitPhotoImporter.swift in Sources */ = {isa = PBXBuildFile; fileRef = A20000000000000000000012 /* PhotoKitPhotoImporter.swift */; };
		A10000000000000000000013 /* PairingPayloadParser.swift in Sources */ = {isa = PBXBuildFile; fileRef = A20000000000000000000013 /* PairingPayloadParser.swift */; };
		A10000000000000000000014 /* CertificateFingerprintValidator.swift in Sources */ = {isa = PBXBuildFile; fileRef = A20000000000000000000014 /* CertificateFingerprintValidator.swift */; };
		A10000000000000000000015 /* RequestSigner.swift in Sources */ = {isa = PBXBuildFile; fileRef = A20000000000000000000015 /* RequestSigner.swift */; };
		A10000000000000000000016 /* TrustedDevice.swift in Sources */ = {isa = PBXBuildFile; fileRef = A20000000000000000000016 /* TrustedDevice.swift */; };
		A10000000000000000000017 /* SyncEventStore.swift in Sources */ = {isa = PBXBuildFile; fileRef = A20000000000000000000017 /* SyncEventStore.swift */; };
		A10000000000000000000018 /* SyncModels.swift in Sources */ = {isa = PBXBuildFile; fileRef = A20000000000000000000018 /* SyncModels.swift */; };
		A10000000000000000000019 /* SyncResultBuilder.swift in Sources */ = {isa = PBXBuildFile; fileRef = A20000000000000000000019 /* SyncResultBuilder.swift */; };
		A1000000000000000000001A /* SyncResultClient.swift in Sources */ = {isa = PBXBuildFile; fileRef = A2000000000000000000001A /* SyncResultClient.swift */; };
		A1000000000000000000001B /* SyncResultStore.swift in Sources */ = {isa = PBXBuildFile; fileRef = A2000000000000000000001B /* SyncResultStore.swift */; };
		A1000000000000000000001C /* LocalNetworkURLSessionFactory.swift in Sources */ = {isa = PBXBuildFile; fileRef = A2000000000000000000001C /* LocalNetworkURLSessionFactory.swift */; };
		A1000000000000000000001D /* LocalTransportURLBuilder.swift in Sources */ = {isa = PBXBuildFile; fileRef = A2000000000000000000001D /* LocalTransportURLBuilder.swift */; };
		A1000000000000000000001E /* M0PhotoTransferPlanner.swift in Sources */ = {isa = PBXBuildFile; fileRef = A2000000000000000000001E /* M0PhotoTransferPlanner.swift */; };
		A1000000000000000000001F /* ManifestClient.swift in Sources */ = {isa = PBXBuildFile; fileRef = A2000000000000000000001F /* ManifestClient.swift */; };
		A10000000000000000000020 /* MediaDownloadState.swift in Sources */ = {isa = PBXBuildFile; fileRef = A20000000000000000000020 /* MediaDownloadState.swift */; };
		A10000000000000000000021 /* MediaDownloader.swift in Sources */ = {isa = PBXBuildFile; fileRef = A20000000000000000000021 /* MediaDownloader.swift */; };
		B10000000000000000000001 /* ShareSyncMessagesBridgeApp.swift in Sources */ = {isa = PBXBuildFile; fileRef = B20000000000000000000001 /* ShareSyncMessagesBridgeApp.swift */; };
		B10000000000000000000002 /* MessageBridgePermissionView.swift in Sources */ = {isa = PBXBuildFile; fileRef = B20000000000000000000002 /* MessageBridgePermissionView.swift */; };
		B10000000000000000000003 /* MessageBridgeError.swift in Sources */ = {isa = PBXBuildFile; fileRef = B20000000000000000000010 /* MessageBridgeError.swift */; };
		B10000000000000000000004 /* MessageCursorStore.swift in Sources */ = {isa = PBXBuildFile; fileRef = B20000000000000000000011 /* MessageCursorStore.swift */; };
		B10000000000000000000005 /* MessageDatabaseAccessProbe.swift in Sources */ = {isa = PBXBuildFile; fileRef = B20000000000000000000012 /* MessageDatabaseAccessProbe.swift */; };
		B10000000000000000000006 /* MessageDatabaseSchema.swift in Sources */ = {isa = PBXBuildFile; fileRef = B20000000000000000000013 /* MessageDatabaseSchema.swift */; };
		B10000000000000000000007 /* MessageEventReader.swift in Sources */ = {isa = PBXBuildFile; fileRef = B20000000000000000000014 /* MessageEventReader.swift */; };
		B10000000000000000000008 /* SQLiteReadOnlyDatabase.swift in Sources */ = {isa = PBXBuildFile; fileRef = B20000000000000000000015 /* SQLiteReadOnlyDatabase.swift */; };
		B10000000000000000000009 /* Localizable.strings in Resources */ = {isa = PBXBuildFile; fileRef = B20000000000000000000008 /* Localizable.strings */; };
		B1000000000000000000000A /* ControlledMessageValidationSession.swift in Sources */ = {isa = PBXBuildFile; fileRef = B20000000000000000000016 /* ControlledMessageValidationSession.swift */; };
		B1000000000000000000000B /* NormalizedMessageEvent.swift in Sources */ = {isa = PBXBuildFile; fileRef = B20000000000000000000017 /* NormalizedMessageEvent.swift */; };
		B1000000000000000000000C /* MessageForwardingPipeline.swift in Sources */ = {isa = PBXBuildFile; fileRef = B20000000000000000000018 /* MessageForwardingPipeline.swift */; };
		B1000000000000000000000D /* MessageForwardingRuntimeGate.swift in Sources */ = {isa = PBXBuildFile; fileRef = B20000000000000000000019 /* MessageForwardingRuntimeGate.swift */; };
		B1000000000000000000000E /* MessageDeliveryLedger.swift in Sources */ = {isa = PBXBuildFile; fileRef = B2000000000000000000001A /* MessageDeliveryLedger.swift */; };
		B1000000000000000000000F /* MessageForwardingAudit.swift in Sources */ = {isa = PBXBuildFile; fileRef = B2000000000000000000001B /* MessageForwardingAudit.swift */; };
		B10000000000000000000010 /* MessageAttributedBodyDecoder.swift in Sources */ = {isa = PBXBuildFile; fileRef = B2000000000000000000001C /* MessageAttributedBodyDecoder.swift */; };
		B10000000000000000000011 /* MessageConnectorEnvelope.swift in Sources */ = {isa = PBXBuildFile; fileRef = B2000000000000000000001D /* MessageConnectorEnvelope.swift */; };
		B10000000000000000000012 /* MessagePollingPlanner.swift in Sources */ = {isa = PBXBuildFile; fileRef = B2000000000000000000001E /* MessagePollingPlanner.swift */; };
		B10000000000000000000013 /* PrivacyInfo.xcprivacy in Resources */ = {isa = PBXBuildFile; fileRef = B2000000000000000000000A /* PrivacyInfo.xcprivacy */; };
		B10000000000000000000014 /* InfoPlist.strings in Resources */ = {isa = PBXBuildFile; fileRef = B20000000000000000000009 /* InfoPlist.strings */; };
		B10000000000000000000015 /* MessageConnectorCredentialVault.swift in Sources */ = {isa = PBXBuildFile; fileRef = B2000000000000000000001F /* MessageConnectorCredentialVault.swift */; };
		B10000000000000000000016 /* KeychainMessageConnectorCredentialVault.swift in Sources */ = {isa = PBXBuildFile; fileRef = B2000000000000000000000B /* KeychainMessageConnectorCredentialVault.swift */; };
		B10000000000000000000017 /* MessageConnectorEndpointPolicy.swift in Sources */ = {isa = PBXBuildFile; fileRef = B20000000000000000000020 /* MessageConnectorEndpointPolicy.swift */; };
		B10000000000000000000018 /* TelegramBotConnector.swift in Sources */ = {isa = PBXBuildFile; fileRef = B20000000000000000000021 /* TelegramBotConnector.swift */; };
		B10000000000000000000019 /* TelegramBotSettingsStore.swift in Sources */ = {isa = PBXBuildFile; fileRef = B2000000000000000000000C /* TelegramBotSettingsStore.swift */; };
		B1000000000000000000001A /* TelegramReplyBridge.swift in Sources */ = {isa = PBXBuildFile; fileRef = B20000000000000000000022 /* TelegramReplyBridge.swift */; };
		B1000000000000000000001B /* MessagesAutomationSender.swift in Sources */ = {isa = PBXBuildFile; fileRef = B2000000000000000000000D /* MessagesAutomationSender.swift */; };
		B1000000000000000000001C /* MessageAttachmentUploadPolicy.swift in Sources */ = {isa = PBXBuildFile; fileRef = B20000000000000000000023 /* MessageAttachmentUploadPolicy.swift */; };
		B1000000000000000000001D /* TelegramMediaUploader.swift in Sources */ = {isa = PBXBuildFile; fileRef = B20000000000000000000024 /* TelegramMediaUploader.swift */; };
		B1000000000000000000001E /* MessageAttachmentContentLoader.swift in Sources */ = {isa = PBXBuildFile; fileRef = B20000000000000000000025 /* MessageAttachmentContentLoader.swift */; };
		B1000000000000000000001F /* SQLiteMessageAttachmentCandidateProvider.swift in Sources */ = {isa = PBXBuildFile; fileRef = B20000000000000000000026 /* SQLiteMessageAttachmentCandidateProvider.swift */; };
		C10000000000000000000001 /* MessageBridgePermissionView.swift in Sources */ = {isa = PBXBuildFile; fileRef = B20000000000000000000002 /* MessageBridgePermissionView.swift */; };
		C10000000000000000000002 /* MessageBridgeError.swift in Sources */ = {isa = PBXBuildFile; fileRef = B20000000000000000000010 /* MessageBridgeError.swift */; };
		C10000000000000000000003 /* MessageCursorStore.swift in Sources */ = {isa = PBXBuildFile; fileRef = B20000000000000000000011 /* MessageCursorStore.swift */; };
		C10000000000000000000004 /* MessageDatabaseAccessProbe.swift in Sources */ = {isa = PBXBuildFile; fileRef = B20000000000000000000012 /* MessageDatabaseAccessProbe.swift */; };
		C10000000000000000000005 /* MessageDatabaseSchema.swift in Sources */ = {isa = PBXBuildFile; fileRef = B20000000000000000000013 /* MessageDatabaseSchema.swift */; };
		C10000000000000000000006 /* MessageEventReader.swift in Sources */ = {isa = PBXBuildFile; fileRef = B20000000000000000000014 /* MessageEventReader.swift */; };
		C10000000000000000000007 /* SQLiteReadOnlyDatabase.swift in Sources */ = {isa = PBXBuildFile; fileRef = B20000000000000000000015 /* SQLiteReadOnlyDatabase.swift */; };
		C10000000000000000000008 /* ControlledMessageValidationSession.swift in Sources */ = {isa = PBXBuildFile; fileRef = B20000000000000000000016 /* ControlledMessageValidationSession.swift */; };
		C10000000000000000000009 /* NormalizedMessageEvent.swift in Sources */ = {isa = PBXBuildFile; fileRef = B20000000000000000000017 /* NormalizedMessageEvent.swift */; };
		C1000000000000000000000A /* MessageForwardingPipeline.swift in Sources */ = {isa = PBXBuildFile; fileRef = B20000000000000000000018 /* MessageForwardingPipeline.swift */; };
		C1000000000000000000000B /* MessageForwardingRuntimeGate.swift in Sources */ = {isa = PBXBuildFile; fileRef = B20000000000000000000019 /* MessageForwardingRuntimeGate.swift */; };
		C1000000000000000000000C /* MessageDeliveryLedger.swift in Sources */ = {isa = PBXBuildFile; fileRef = B2000000000000000000001A /* MessageDeliveryLedger.swift */; };
		C1000000000000000000000D /* MessageForwardingAudit.swift in Sources */ = {isa = PBXBuildFile; fileRef = B2000000000000000000001B /* MessageForwardingAudit.swift */; };
		C1000000000000000000000E /* MessageAttributedBodyDecoder.swift in Sources */ = {isa = PBXBuildFile; fileRef = B2000000000000000000001C /* MessageAttributedBodyDecoder.swift */; };
		C1000000000000000000000F /* MessageConnectorEnvelope.swift in Sources */ = {isa = PBXBuildFile; fileRef = B2000000000000000000001D /* MessageConnectorEnvelope.swift */; };
		C10000000000000000000010 /* PrivacyInfo.xcprivacy in Resources */ = {isa = PBXBuildFile; fileRef = B2000000000000000000000A /* PrivacyInfo.xcprivacy */; };
		C10000000000000000000011 /* TelegramBotConnector.swift in Sources */ = {isa = PBXBuildFile; fileRef = B20000000000000000000021 /* TelegramBotConnector.swift */; };
		C10000000000000000000012 /* TelegramBotSettingsStore.swift in Sources */ = {isa = PBXBuildFile; fileRef = B2000000000000000000000C /* TelegramBotSettingsStore.swift */; };
		C10000000000000000000013 /* MessageConnectorCredentialVault.swift in Sources */ = {isa = PBXBuildFile; fileRef = B2000000000000000000001F /* MessageConnectorCredentialVault.swift */; };
		C10000000000000000000014 /* KeychainMessageConnectorCredentialVault.swift in Sources */ = {isa = PBXBuildFile; fileRef = B2000000000000000000000B /* KeychainMessageConnectorCredentialVault.swift */; };
		C10000000000000000000015 /* TelegramReplyBridge.swift in Sources */ = {isa = PBXBuildFile; fileRef = B20000000000000000000022 /* TelegramReplyBridge.swift */; };
		C10000000000000000000016 /* MessagesAutomationSender.swift in Sources */ = {isa = PBXBuildFile; fileRef = B2000000000000000000000D /* MessagesAutomationSender.swift */; };
		C10000000000000000000017 /* MessagePollingPlanner.swift in Sources */ = {isa = PBXBuildFile; fileRef = B2000000000000000000001E /* MessagePollingPlanner.swift */; };
		C10000000000000000000018 /* MessageAttachmentUploadPolicy.swift in Sources */ = {isa = PBXBuildFile; fileRef = B20000000000000000000023 /* MessageAttachmentUploadPolicy.swift */; };
		C10000000000000000000019 /* TelegramMediaUploader.swift in Sources */ = {isa = PBXBuildFile; fileRef = B20000000000000000000024 /* TelegramMediaUploader.swift */; };
		C1000000000000000000001A /* MessageAttachmentContentLoader.swift in Sources */ = {isa = PBXBuildFile; fileRef = B20000000000000000000025 /* MessageAttachmentContentLoader.swift */; };
		C1000000000000000000001B /* SQLiteMessageAttachmentCandidateProvider.swift in Sources */ = {isa = PBXBuildFile; fileRef = B20000000000000000000026 /* SQLiteMessageAttachmentCandidateProvider.swift */; };
/* End PBXBuildFile section */

/* Begin PBXFileReference section */
		A20000000000000000000000 /* ShareSync Mac.app */ = {isa = PBXFileReference; explicitFileType = wrapper.application; includeInIndex = 0; path = "ShareSync Mac.app"; sourceTree = BUILT_PRODUCTS_DIR; };
		A20000000000000000000001 /* ShareSyncMacApp.swift */ = {isa = PBXFileReference; lastKnownFileType = sourcecode.swift; path = ShareSyncMacApp.swift; sourceTree = "<group>"; };
		A20000000000000000000002 /* MacContentView.swift */ = {isa = PBXFileReference; lastKnownFileType = sourcecode.swift; path = MacContentView.swift; sourceTree = "<group>"; };
		A20000000000000000000003 /* MacPhotoSyncViewModel.swift */ = {isa = PBXFileReference; lastKnownFileType = sourcecode.swift; path = MacPhotoSyncViewModel.swift; sourceTree = "<group>"; };
		A20000000000000000000004 /* MacDeviceIdentity.swift */ = {isa = PBXFileReference; lastKnownFileType = sourcecode.swift; path = MacDeviceIdentity.swift; sourceTree = "<group>"; };
		A20000000000000000000005 /* Info.plist */ = {isa = PBXFileReference; lastKnownFileType = text.plist.xml; path = Info.plist; sourceTree = "<group>"; };
		A20000000000000000000006 /* ShareSyncMac.entitlements */ = {isa = PBXFileReference; lastKnownFileType = text.plist.entitlements; path = ShareSyncMac.entitlements; sourceTree = "<group>"; };
		A2000000000000000000000B /* MacPairingListener.swift */ = {isa = PBXFileReference; lastKnownFileType = sourcecode.swift; path = MacPairingListener.swift; sourceTree = "<group>"; };
		A2000000000000000000000C /* MacQRCodeView.swift */ = {isa = PBXFileReference; lastKnownFileType = sourcecode.swift; path = MacQRCodeView.swift; sourceTree = "<group>"; };
		A20000000000000000000009 /* en */ = {isa = PBXFileReference; lastKnownFileType = text.plist.strings; name = en; path = en.lproj/Localizable.strings; sourceTree = "<group>"; };
		A2000000000000000000000A /* zh-Hant */ = {isa = PBXFileReference; lastKnownFileType = text.plist.strings; name = "zh-Hant"; path = "zh-Hant.lproj/Localizable.strings"; sourceTree = "<group>"; };
		A20000000000000000000010 /* LocalPeerDiscovery.swift */ = {isa = PBXFileReference; lastKnownFileType = sourcecode.swift; name = LocalPeerDiscovery.swift; path = ../ios/ShareSync/Discovery/LocalPeerDiscovery.swift; sourceTree = SOURCE_ROOT; };
		A20000000000000000000011 /* PhotoImporter.swift */ = {isa = PBXFileReference; lastKnownFileType = sourcecode.swift; name = PhotoImporter.swift; path = ../ios/ShareSync/ImporterPhotos/PhotoImporter.swift; sourceTree = SOURCE_ROOT; };
		A20000000000000000000012 /* PhotoKitPhotoImporter.swift */ = {isa = PBXFileReference; lastKnownFileType = sourcecode.swift; name = PhotoKitPhotoImporter.swift; path = ../ios/ShareSync/ImporterPhotos/PhotoKitPhotoImporter.swift; sourceTree = SOURCE_ROOT; };
		A20000000000000000000013 /* PairingPayloadParser.swift */ = {isa = PBXFileReference; lastKnownFileType = sourcecode.swift; name = PairingPayloadParser.swift; path = ../ios/ShareSync/Pairing/PairingPayloadParser.swift; sourceTree = SOURCE_ROOT; };
		A20000000000000000000014 /* CertificateFingerprintValidator.swift */ = {isa = PBXFileReference; lastKnownFileType = sourcecode.swift; name = CertificateFingerprintValidator.swift; path = ../ios/ShareSync/Security/CertificateFingerprintValidator.swift; sourceTree = SOURCE_ROOT; };
		A20000000000000000000015 /* RequestSigner.swift */ = {isa = PBXFileReference; lastKnownFileType = sourcecode.swift; name = RequestSigner.swift; path = ../ios/ShareSync/Security/RequestSigner.swift; sourceTree = SOURCE_ROOT; };
		A20000000000000000000016 /* TrustedDevice.swift */ = {isa = PBXFileReference; lastKnownFileType = sourcecode.swift; name = TrustedDevice.swift; path = ../ios/ShareSync/Security/TrustedDevice.swift; sourceTree = SOURCE_ROOT; };
		A20000000000000000000017 /* SyncEventStore.swift */ = {isa = PBXFileReference; lastKnownFileType = sourcecode.swift; name = SyncEventStore.swift; path = ../ios/ShareSync/Sync/SyncEventStore.swift; sourceTree = SOURCE_ROOT; };
		A20000000000000000000018 /* SyncModels.swift */ = {isa = PBXFileReference; lastKnownFileType = sourcecode.swift; name = SyncModels.swift; path = ../ios/ShareSync/Sync/SyncModels.swift; sourceTree = SOURCE_ROOT; };
		A20000000000000000000019 /* SyncResultBuilder.swift */ = {isa = PBXFileReference; lastKnownFileType = sourcecode.swift; name = SyncResultBuilder.swift; path = ../ios/ShareSync/Sync/SyncResultBuilder.swift; sourceTree = SOURCE_ROOT; };
		A2000000000000000000001A /* SyncResultClient.swift */ = {isa = PBXFileReference; lastKnownFileType = sourcecode.swift; name = SyncResultClient.swift; path = ../ios/ShareSync/Sync/SyncResultClient.swift; sourceTree = SOURCE_ROOT; };
		A2000000000000000000001B /* SyncResultStore.swift */ = {isa = PBXFileReference; lastKnownFileType = sourcecode.swift; name = SyncResultStore.swift; path = ../ios/ShareSync/Sync/SyncResultStore.swift; sourceTree = SOURCE_ROOT; };
		A2000000000000000000001C /* LocalNetworkURLSessionFactory.swift */ = {isa = PBXFileReference; lastKnownFileType = sourcecode.swift; name = LocalNetworkURLSessionFactory.swift; path = ../ios/ShareSync/Transfer/LocalNetworkURLSessionFactory.swift; sourceTree = SOURCE_ROOT; };
		A2000000000000000000001D /* LocalTransportURLBuilder.swift */ = {isa = PBXFileReference; lastKnownFileType = sourcecode.swift; name = LocalTransportURLBuilder.swift; path = ../ios/ShareSync/Transfer/LocalTransportURLBuilder.swift; sourceTree = SOURCE_ROOT; };
		A2000000000000000000001E /* M0PhotoTransferPlanner.swift */ = {isa = PBXFileReference; lastKnownFileType = sourcecode.swift; name = M0PhotoTransferPlanner.swift; path = ../ios/ShareSync/Transfer/M0PhotoTransferPlanner.swift; sourceTree = SOURCE_ROOT; };
		A2000000000000000000001F /* ManifestClient.swift */ = {isa = PBXFileReference; lastKnownFileType = sourcecode.swift; name = ManifestClient.swift; path = ../ios/ShareSync/Transfer/ManifestClient.swift; sourceTree = SOURCE_ROOT; };
		A20000000000000000000020 /* MediaDownloadState.swift */ = {isa = PBXFileReference; lastKnownFileType = sourcecode.swift; name = MediaDownloadState.swift; path = ../ios/ShareSync/Transfer/MediaDownloadState.swift; sourceTree = SOURCE_ROOT; };
		A20000000000000000000021 /* MediaDownloader.swift */ = {isa = PBXFileReference; lastKnownFileType = sourcecode.swift; name = MediaDownloader.swift; path = ../ios/ShareSync/Transfer/MediaDownloader.swift; sourceTree = SOURCE_ROOT; };
		B20000000000000000000000 /* ShareSync Messages Bridge.app */ = {isa = PBXFileReference; explicitFileType = wrapper.application; includeInIndex = 0; path = "ShareSync Messages Bridge.app"; sourceTree = BUILT_PRODUCTS_DIR; };
		B20000000000000000000001 /* ShareSyncMessagesBridgeApp.swift */ = {isa = PBXFileReference; lastKnownFileType = sourcecode.swift; path = ShareSyncMessagesBridgeApp.swift; sourceTree = "<group>"; };
		B20000000000000000000002 /* MessageBridgePermissionView.swift */ = {isa = PBXFileReference; lastKnownFileType = sourcecode.swift; path = MessageBridgePermissionView.swift; sourceTree = "<group>"; };
		B20000000000000000000003 /* Info.plist */ = {isa = PBXFileReference; lastKnownFileType = text.plist.xml; path = Info.plist; sourceTree = "<group>"; };
		B20000000000000000000004 /* en */ = {isa = PBXFileReference; lastKnownFileType = text.plist.strings; name = en; path = en.lproj/Localizable.strings; sourceTree = "<group>"; };
		B20000000000000000000005 /* zh-Hant */ = {isa = PBXFileReference; lastKnownFileType = text.plist.strings; name = "zh-Hant"; path = "zh-Hant.lproj/Localizable.strings"; sourceTree = "<group>"; };
		B20000000000000000000006 /* en */ = {isa = PBXFileReference; lastKnownFileType = text.plist.strings; name = en; path = en.lproj/InfoPlist.strings; sourceTree = "<group>"; };
		B20000000000000000000007 /* zh-Hant */ = {isa = PBXFileReference; lastKnownFileType = text.plist.strings; name = "zh-Hant"; path = "zh-Hant.lproj/InfoPlist.strings"; sourceTree = "<group>"; };
		B2000000000000000000000A /* PrivacyInfo.xcprivacy */ = {isa = PBXFileReference; lastKnownFileType = text.xml; path = PrivacyInfo.xcprivacy; sourceTree = "<group>"; };
		B2000000000000000000000B /* KeychainMessageConnectorCredentialVault.swift */ = {isa = PBXFileReference; lastKnownFileType = sourcecode.swift; path = KeychainMessageConnectorCredentialVault.swift; sourceTree = "<group>"; };
		B2000000000000000000000C /* TelegramBotSettingsStore.swift */ = {isa = PBXFileReference; lastKnownFileType = sourcecode.swift; path = TelegramBotSettingsStore.swift; sourceTree = "<group>"; };
		B2000000000000000000000D /* MessagesAutomationSender.swift */ = {isa = PBXFileReference; lastKnownFileType = sourcecode.swift; path = MessagesAutomationSender.swift; sourceTree = "<group>"; };
		B20000000000000000000010 /* MessageBridgeError.swift */ = {isa = PBXFileReference; lastKnownFileType = sourcecode.swift; path = MessageBridgeError.swift; sourceTree = "<group>"; };
		B20000000000000000000011 /* MessageCursorStore.swift */ = {isa = PBXFileReference; lastKnownFileType = sourcecode.swift; path = MessageCursorStore.swift; sourceTree = "<group>"; };
		B20000000000000000000012 /* MessageDatabaseAccessProbe.swift */ = {isa = PBXFileReference; lastKnownFileType = sourcecode.swift; path = MessageDatabaseAccessProbe.swift; sourceTree = "<group>"; };
		B20000000000000000000013 /* MessageDatabaseSchema.swift */ = {isa = PBXFileReference; lastKnownFileType = sourcecode.swift; path = MessageDatabaseSchema.swift; sourceTree = "<group>"; };
		B20000000000000000000014 /* MessageEventReader.swift */ = {isa = PBXFileReference; lastKnownFileType = sourcecode.swift; path = MessageEventReader.swift; sourceTree = "<group>"; };
		B20000000000000000000015 /* SQLiteReadOnlyDatabase.swift */ = {isa = PBXFileReference; lastKnownFileType = sourcecode.swift; path = SQLiteReadOnlyDatabase.swift; sourceTree = "<group>"; };
		B20000000000000000000016 /* ControlledMessageValidationSession.swift */ = {isa = PBXFileReference; lastKnownFileType = sourcecode.swift; path = ControlledMessageValidationSession.swift; sourceTree = "<group>"; };
		B20000000000000000000017 /* NormalizedMessageEvent.swift */ = {isa = PBXFileReference; lastKnownFileType = sourcecode.swift; path = NormalizedMessageEvent.swift; sourceTree = "<group>"; };
		B20000000000000000000018 /* MessageForwardingPipeline.swift */ = {isa = PBXFileReference; lastKnownFileType = sourcecode.swift; path = MessageForwardingPipeline.swift; sourceTree = "<group>"; };
		B20000000000000000000019 /* MessageForwardingRuntimeGate.swift */ = {isa = PBXFileReference; lastKnownFileType = sourcecode.swift; path = MessageForwardingRuntimeGate.swift; sourceTree = "<group>"; };
		B2000000000000000000001A /* MessageDeliveryLedger.swift */ = {isa = PBXFileReference; lastKnownFileType = sourcecode.swift; path = MessageDeliveryLedger.swift; sourceTree = "<group>"; };
		B2000000000000000000001B /* MessageForwardingAudit.swift */ = {isa = PBXFileReference; lastKnownFileType = sourcecode.swift; path = MessageForwardingAudit.swift; sourceTree = "<group>"; };
		B2000000000000000000001C /* MessageAttributedBodyDecoder.swift */ = {isa = PBXFileReference; lastKnownFileType = sourcecode.swift; path = MessageAttributedBodyDecoder.swift; sourceTree = "<group>"; };
		B2000000000000000000001D /* MessageConnectorEnvelope.swift */ = {isa = PBXFileReference; lastKnownFileType = sourcecode.swift; path = MessageConnectorEnvelope.swift; sourceTree = "<group>"; };
		B2000000000000000000001E /* MessagePollingPlanner.swift */ = {isa = PBXFileReference; lastKnownFileType = sourcecode.swift; path = MessagePollingPlanner.swift; sourceTree = "<group>"; };
		B2000000000000000000001F /* MessageConnectorCredentialVault.swift */ = {isa = PBXFileReference; lastKnownFileType = sourcecode.swift; path = MessageConnectorCredentialVault.swift; sourceTree = "<group>"; };
		B20000000000000000000020 /* MessageConnectorEndpointPolicy.swift */ = {isa = PBXFileReference; lastKnownFileType = sourcecode.swift; path = MessageConnectorEndpointPolicy.swift; sourceTree = "<group>"; };
		B20000000000000000000021 /* TelegramBotConnector.swift */ = {isa = PBXFileReference; lastKnownFileType = sourcecode.swift; path = TelegramBotConnector.swift; sourceTree = "<group>"; };
		B20000000000000000000022 /* TelegramReplyBridge.swift */ = {isa = PBXFileReference; lastKnownFileType = sourcecode.swift; path = TelegramReplyBridge.swift; sourceTree = "<group>"; };
		B20000000000000000000023 /* MessageAttachmentUploadPolicy.swift */ = {isa = PBXFileReference; lastKnownFileType = sourcecode.swift; path = MessageAttachmentUploadPolicy.swift; sourceTree = "<group>"; };
		B20000000000000000000024 /* TelegramMediaUploader.swift */ = {isa = PBXFileReference; lastKnownFileType = sourcecode.swift; path = TelegramMediaUploader.swift; sourceTree = "<group>"; };
		B20000000000000000000025 /* MessageAttachmentContentLoader.swift */ = {isa = PBXFileReference; lastKnownFileType = sourcecode.swift; path = MessageAttachmentContentLoader.swift; sourceTree = "<group>"; };
		B20000000000000000000026 /* SQLiteMessageAttachmentCandidateProvider.swift */ = {isa = PBXFileReference; lastKnownFileType = sourcecode.swift; path = SQLiteMessageAttachmentCandidateProvider.swift; sourceTree = "<group>"; };
/* End PBXFileReference section */

/* Begin PBXFrameworksBuildPhase section */
		A30000000000000000000001 /* Frameworks */ = {
			isa = PBXFrameworksBuildPhase;
			buildActionMask = 2147483647;
			files = (
			);
			runOnlyForDeploymentPostprocessing = 0;
		};
		B30000000000000000000001 /* Frameworks */ = {
			isa = PBXFrameworksBuildPhase;
			buildActionMask = 2147483647;
			files = (
			);
			runOnlyForDeploymentPostprocessing = 0;
		};
/* End PBXFrameworksBuildPhase section */

/* Begin PBXGroup section */
		A40000000000000000000000 = {
			isa = PBXGroup;
			children = (
				A40000000000000000000001 /* ShareSyncMacApp */,
				B40000000000000000000001 /* ShareSyncMessagesBridge */,
				B40000000000000000000002 /* MessageBridgeCore */,
				A40000000000000000000002 /* SharedCore */,
				A40000000000000000000003 /* Products */,
			);
			sourceTree = "<group>";
		};
		A40000000000000000000001 /* ShareSyncMacApp */ = {
			isa = PBXGroup;
			children = (
				A20000000000000000000001 /* ShareSyncMacApp.swift */,
				A20000000000000000000002 /* MacContentView.swift */,
				A20000000000000000000003 /* MacPhotoSyncViewModel.swift */,
				A20000000000000000000004 /* MacDeviceIdentity.swift */,
				A2000000000000000000000B /* MacPairingListener.swift */,
				A2000000000000000000000C /* MacQRCodeView.swift */,
				A20000000000000000000005 /* Info.plist */,
				A20000000000000000000006 /* ShareSyncMac.entitlements */,
				A20000000000000000000008 /* Localizable.strings */,
			);
			path = ShareSyncMacApp;
			sourceTree = "<group>";
		};
		A40000000000000000000002 /* SharedCore */ = {
			isa = PBXGroup;
			children = (
				A20000000000000000000010 /* LocalPeerDiscovery.swift */,
				A20000000000000000000011 /* PhotoImporter.swift */,
				A20000000000000000000012 /* PhotoKitPhotoImporter.swift */,
				A20000000000000000000013 /* PairingPayloadParser.swift */,
				A20000000000000000000014 /* CertificateFingerprintValidator.swift */,
				A20000000000000000000015 /* RequestSigner.swift */,
				A20000000000000000000016 /* TrustedDevice.swift */,
				A20000000000000000000017 /* SyncEventStore.swift */,
				A20000000000000000000018 /* SyncModels.swift */,
				A20000000000000000000019 /* SyncResultBuilder.swift */,
				A2000000000000000000001A /* SyncResultClient.swift */,
				A2000000000000000000001B /* SyncResultStore.swift */,
				A2000000000000000000001C /* LocalNetworkURLSessionFactory.swift */,
				A2000000000000000000001D /* LocalTransportURLBuilder.swift */,
				A2000000000000000000001E /* M0PhotoTransferPlanner.swift */,
				A2000000000000000000001F /* ManifestClient.swift */,
				A20000000000000000000020 /* MediaDownloadState.swift */,
				A20000000000000000000021 /* MediaDownloader.swift */,
			);
			name = SharedCore;
			sourceTree = "<group>";
		};
		A40000000000000000000003 /* Products */ = {
			isa = PBXGroup;
			children = (
				A20000000000000000000000 /* ShareSync Mac.app */,
				B20000000000000000000000 /* ShareSync Messages Bridge.app */,
			);
			name = Products;
			sourceTree = "<group>";
		};
		B40000000000000000000001 /* ShareSyncMessagesBridge */ = {
			isa = PBXGroup;
			children = (
				B20000000000000000000001 /* ShareSyncMessagesBridgeApp.swift */,
				B20000000000000000000002 /* MessageBridgePermissionView.swift */,
				B20000000000000000000003 /* Info.plist */,
				B20000000000000000000008 /* Localizable.strings */,
				B20000000000000000000009 /* InfoPlist.strings */,
				B2000000000000000000000A /* PrivacyInfo.xcprivacy */,
				B2000000000000000000000B /* KeychainMessageConnectorCredentialVault.swift */,
				B2000000000000000000000C /* TelegramBotSettingsStore.swift */,
				B2000000000000000000000D /* MessagesAutomationSender.swift */,
			);
			path = ShareSyncMessagesBridge;
			sourceTree = "<group>";
		};
		B40000000000000000000002 /* MessageBridgeCore */ = {
			isa = PBXGroup;
			children = (
				B20000000000000000000010 /* MessageBridgeError.swift */,
				B20000000000000000000011 /* MessageCursorStore.swift */,
				B20000000000000000000012 /* MessageDatabaseAccessProbe.swift */,
				B20000000000000000000013 /* MessageDatabaseSchema.swift */,
				B20000000000000000000014 /* MessageEventReader.swift */,
				B20000000000000000000015 /* SQLiteReadOnlyDatabase.swift */,
				B20000000000000000000016 /* ControlledMessageValidationSession.swift */,
				B20000000000000000000017 /* NormalizedMessageEvent.swift */,
				B20000000000000000000018 /* MessageForwardingPipeline.swift */,
				B20000000000000000000019 /* MessageForwardingRuntimeGate.swift */,
				B2000000000000000000001A /* MessageDeliveryLedger.swift */,
				B2000000000000000000001B /* MessageForwardingAudit.swift */,
				B2000000000000000000001C /* MessageAttributedBodyDecoder.swift */,
				B2000000000000000000001D /* MessageConnectorEnvelope.swift */,
				B2000000000000000000001E /* MessagePollingPlanner.swift */,
				B2000000000000000000001F /* MessageConnectorCredentialVault.swift */,
				B20000000000000000000020 /* MessageConnectorEndpointPolicy.swift */,
				B20000000000000000000021 /* TelegramBotConnector.swift */,
				B20000000000000000000022 /* TelegramReplyBridge.swift */,
				B20000000000000000000023 /* MessageAttachmentUploadPolicy.swift */,
				B20000000000000000000024 /* TelegramMediaUploader.swift */,
				B20000000000000000000025 /* MessageAttachmentContentLoader.swift */,
				B20000000000000000000026 /* SQLiteMessageAttachmentCandidateProvider.swift */,
			);
			path = MessageBridgeCore;
			sourceTree = "<group>";
		};
/* End PBXGroup section */

/* Begin PBXNativeTarget section */
		A50000000000000000000001 /* ShareSyncMac */ = {
			isa = PBXNativeTarget;
			buildConfigurationList = A90000000000000000000002 /* Build configuration list for PBXNativeTarget "ShareSyncMac" */;
			buildPhases = (
				A30000000000000000000003 /* Sources */,
				A30000000000000000000001 /* Frameworks */,
				A30000000000000000000002 /* Resources */,
			);
			buildRules = (
			);
			dependencies = (
			);
			name = ShareSyncMac;
			productName = "ShareSync Mac";
			productReference = A20000000000000000000000 /* ShareSync Mac.app */;
			productType = "com.apple.product-type.application";
		};
		B50000000000000000000001 /* ShareSyncMessagesBridge */ = {
			isa = PBXNativeTarget;
			buildConfigurationList = B90000000000000000000001 /* Build configuration list for PBXNativeTarget "ShareSyncMessagesBridge" */;
			buildPhases = (
				B30000000000000000000003 /* Sources */,
				B30000000000000000000001 /* Frameworks */,
				B30000000000000000000002 /* Resources */,
			);
			buildRules = (
			);
			dependencies = (
			);
			name = ShareSyncMessagesBridge;
			productName = "ShareSync Messages Bridge";
			productReference = B20000000000000000000000 /* ShareSync Messages Bridge.app */;
			productType = "com.apple.product-type.application";
		};
/* End PBXNativeTarget section */

/* Begin PBXProject section */
		A60000000000000000000001 /* Project object */ = {
			isa = PBXProject;
			attributes = {
				BuildIndependentTargetsInParallel = 1;
				LastSwiftUpdateCheck = 2660;
				LastUpgradeCheck = 2660;
				TargetAttributes = {
					A50000000000000000000001 = {
						CreatedOnToolsVersion = 26.6;
					};
					B50000000000000000000001 = {
						CreatedOnToolsVersion = 26.6;
					};
				};
			};
			buildConfigurationList = A90000000000000000000001 /* Build configuration list for PBXProject "ShareSyncMac" */;
			compatibilityVersion = "Xcode 14.0";
			developmentRegion = en;
			hasScannedForEncodings = 0;
			knownRegions = (
				en,
				Base,
				"zh-Hant",
			);
			mainGroup = A40000000000000000000000;
			productRefGroup = A40000000000000000000003 /* Products */;
			projectDirPath = "";
			projectRoot = "";
			targets = (
				A50000000000000000000001 /* ShareSyncMac */,
				B50000000000000000000001 /* ShareSyncMessagesBridge */,
			);
		};
/* End PBXProject section */

/* Begin PBXResourcesBuildPhase section */
		A30000000000000000000002 /* Resources */ = {
			isa = PBXResourcesBuildPhase;
			buildActionMask = 2147483647;
			files = (
				A10000000000000000000005 /* Localizable.strings in Resources */,
				C10000000000000000000010 /* PrivacyInfo.xcprivacy in Resources */,
			);
			runOnlyForDeploymentPostprocessing = 0;
		};
		B30000000000000000000002 /* Resources */ = {
			isa = PBXResourcesBuildPhase;
			buildActionMask = 2147483647;
			files = (
				B10000000000000000000009 /* Localizable.strings in Resources */,
				B10000000000000000000013 /* PrivacyInfo.xcprivacy in Resources */,
				B10000000000000000000014 /* InfoPlist.strings in Resources */,
			);
			runOnlyForDeploymentPostprocessing = 0;
		};
/* End PBXResourcesBuildPhase section */

/* Begin PBXSourcesBuildPhase section */
		A30000000000000000000003 /* Sources */ = {
			isa = PBXSourcesBuildPhase;
			buildActionMask = 2147483647;
			files = (
				A10000000000000000000001 /* ShareSyncMacApp.swift in Sources */,
				A10000000000000000000002 /* MacContentView.swift in Sources */,
				A10000000000000000000003 /* MacPhotoSyncViewModel.swift in Sources */,
				A10000000000000000000004 /* MacDeviceIdentity.swift in Sources */,
				A10000000000000000000006 /* MacPairingListener.swift in Sources */,
				A10000000000000000000007 /* MacQRCodeView.swift in Sources */,
				A10000000000000000000010 /* LocalPeerDiscovery.swift in Sources */,
				A10000000000000000000011 /* PhotoImporter.swift in Sources */,
				A10000000000000000000012 /* PhotoKitPhotoImporter.swift in Sources */,
				A10000000000000000000013 /* PairingPayloadParser.swift in Sources */,
				A10000000000000000000014 /* CertificateFingerprintValidator.swift in Sources */,
				A10000000000000000000015 /* RequestSigner.swift in Sources */,
				A10000000000000000000016 /* TrustedDevice.swift in Sources */,
				A10000000000000000000017 /* SyncEventStore.swift in Sources */,
				A10000000000000000000018 /* SyncModels.swift in Sources */,
				A10000000000000000000019 /* SyncResultBuilder.swift in Sources */,
				A1000000000000000000001A /* SyncResultClient.swift in Sources */,
				A1000000000000000000001B /* SyncResultStore.swift in Sources */,
				A1000000000000000000001C /* LocalNetworkURLSessionFactory.swift in Sources */,
				A1000000000000000000001D /* LocalTransportURLBuilder.swift in Sources */,
				A1000000000000000000001E /* M0PhotoTransferPlanner.swift in Sources */,
				A1000000000000000000001F /* ManifestClient.swift in Sources */,
				A10000000000000000000020 /* MediaDownloadState.swift in Sources */,
				A10000000000000000000021 /* MediaDownloader.swift in Sources */,
				C10000000000000000000001 /* MessageBridgePermissionView.swift in Sources */,
				C10000000000000000000002 /* MessageBridgeError.swift in Sources */,
				C10000000000000000000003 /* MessageCursorStore.swift in Sources */,
				C10000000000000000000004 /* MessageDatabaseAccessProbe.swift in Sources */,
				C10000000000000000000005 /* MessageDatabaseSchema.swift in Sources */,
				C10000000000000000000006 /* MessageEventReader.swift in Sources */,
				C10000000000000000000007 /* SQLiteReadOnlyDatabase.swift in Sources */,
				C10000000000000000000008 /* ControlledMessageValidationSession.swift in Sources */,
				C10000000000000000000009 /* NormalizedMessageEvent.swift in Sources */,
				C1000000000000000000000A /* MessageForwardingPipeline.swift in Sources */,
				C1000000000000000000000B /* MessageForwardingRuntimeGate.swift in Sources */,
				C1000000000000000000000C /* MessageDeliveryLedger.swift in Sources */,
				C1000000000000000000000D /* MessageForwardingAudit.swift in Sources */,
				C1000000000000000000000E /* MessageAttributedBodyDecoder.swift in Sources */,
				C1000000000000000000000F /* MessageConnectorEnvelope.swift in Sources */,
				C10000000000000000000017 /* MessagePollingPlanner.swift in Sources */,
				C10000000000000000000018 /* MessageAttachmentUploadPolicy.swift in Sources */,
				C10000000000000000000019 /* TelegramMediaUploader.swift in Sources */,
				C1000000000000000000001A /* MessageAttachmentContentLoader.swift in Sources */,
				C1000000000000000000001B /* SQLiteMessageAttachmentCandidateProvider.swift in Sources */,
				C10000000000000000000011 /* TelegramBotConnector.swift in Sources */,
				C10000000000000000000012 /* TelegramBotSettingsStore.swift in Sources */,
				C10000000000000000000013 /* MessageConnectorCredentialVault.swift in Sources */,
				C10000000000000000000014 /* KeychainMessageConnectorCredentialVault.swift in Sources */,
				C10000000000000000000015 /* TelegramReplyBridge.swift in Sources */,
				C10000000000000000000016 /* MessagesAutomationSender.swift in Sources */,
			);
			runOnlyForDeploymentPostprocessing = 0;
		};
		B30000000000000000000003 /* Sources */ = {
			isa = PBXSourcesBuildPhase;
			buildActionMask = 2147483647;
			files = (
				B10000000000000000000001 /* ShareSyncMessagesBridgeApp.swift in Sources */,
				B10000000000000000000002 /* MessageBridgePermissionView.swift in Sources */,
				B10000000000000000000003 /* MessageBridgeError.swift in Sources */,
				B10000000000000000000004 /* MessageCursorStore.swift in Sources */,
				B10000000000000000000005 /* MessageDatabaseAccessProbe.swift in Sources */,
				B10000000000000000000006 /* MessageDatabaseSchema.swift in Sources */,
				B10000000000000000000007 /* MessageEventReader.swift in Sources */,
				B10000000000000000000008 /* SQLiteReadOnlyDatabase.swift in Sources */,
				B1000000000000000000000A /* ControlledMessageValidationSession.swift in Sources */,
				B1000000000000000000000B /* NormalizedMessageEvent.swift in Sources */,
				B1000000000000000000000C /* MessageForwardingPipeline.swift in Sources */,
				B1000000000000000000000D /* MessageForwardingRuntimeGate.swift in Sources */,
				B1000000000000000000000E /* MessageDeliveryLedger.swift in Sources */,
				B1000000000000000000000F /* MessageForwardingAudit.swift in Sources */,
				B10000000000000000000010 /* MessageAttributedBodyDecoder.swift in Sources */,
				B10000000000000000000011 /* MessageConnectorEnvelope.swift in Sources */,
				B10000000000000000000012 /* MessagePollingPlanner.swift in Sources */,
				B10000000000000000000015 /* MessageConnectorCredentialVault.swift in Sources */,
				B10000000000000000000016 /* KeychainMessageConnectorCredentialVault.swift in Sources */,
				B10000000000000000000017 /* MessageConnectorEndpointPolicy.swift in Sources */,
				B10000000000000000000018 /* TelegramBotConnector.swift in Sources */,
				B10000000000000000000019 /* TelegramBotSettingsStore.swift in Sources */,
				B1000000000000000000001A /* TelegramReplyBridge.swift in Sources */,
				B1000000000000000000001B /* MessagesAutomationSender.swift in Sources */,
				B1000000000000000000001C /* MessageAttachmentUploadPolicy.swift in Sources */,
				B1000000000000000000001D /* TelegramMediaUploader.swift in Sources */,
				B1000000000000000000001E /* MessageAttachmentContentLoader.swift in Sources */,
				B1000000000000000000001F /* SQLiteMessageAttachmentCandidateProvider.swift in Sources */,
			);
			runOnlyForDeploymentPostprocessing = 0;
		};
/* End PBXSourcesBuildPhase section */

/* Begin PBXVariantGroup section */
		A20000000000000000000008 /* Localizable.strings */ = {
			isa = PBXVariantGroup;
			children = (
				A20000000000000000000009 /* en */,
				A2000000000000000000000A /* zh-Hant */,
			);
			name = Localizable.strings;
			sourceTree = "<group>";
		};
		B20000000000000000000008 /* Localizable.strings */ = {
			isa = PBXVariantGroup;
			children = (
				B20000000000000000000004 /* en */,
				B20000000000000000000005 /* zh-Hant */,
			);
			name = Localizable.strings;
			sourceTree = "<group>";
		};
		B20000000000000000000009 /* InfoPlist.strings */ = {
			isa = PBXVariantGroup;
			children = (
				B20000000000000000000006 /* en */,
				B20000000000000000000007 /* zh-Hant */,
			);
			name = InfoPlist.strings;
			sourceTree = "<group>";
		};
/* End PBXVariantGroup section */

/* Begin XCBuildConfiguration section */
		A80000000000000000000001 /* Debug */ = {
			isa = XCBuildConfiguration;
			buildSettings = {
				ALWAYS_SEARCH_USER_PATHS = NO;
				CLANG_ENABLE_MODULES = YES;
				CLANG_ENABLE_OBJC_ARC = YES;
				COPY_PHASE_STRIP = NO;
				DEBUG_INFORMATION_FORMAT = dwarf;
				ENABLE_TESTABILITY = YES;
				GCC_C_LANGUAGE_STANDARD = gnu17;
				GCC_OPTIMIZATION_LEVEL = 0;
				ONLY_ACTIVE_ARCH = YES;
				SDKROOT = macosx;
				SWIFT_ACTIVE_COMPILATION_CONDITIONS = DEBUG;
				SWIFT_OPTIMIZATION_LEVEL = "-Onone";
		};
			name = Debug;
		};
		A80000000000000000000002 /* Release */ = {
			isa = XCBuildConfiguration;
			buildSettings = {
				ALWAYS_SEARCH_USER_PATHS = NO;
				CLANG_ENABLE_MODULES = YES;
				CLANG_ENABLE_OBJC_ARC = YES;
				COPY_PHASE_STRIP = NO;
				DEBUG_INFORMATION_FORMAT = "dwarf-with-dsym";
				GCC_C_LANGUAGE_STANDARD = gnu17;
				SDKROOT = macosx;
				SWIFT_COMPILATION_MODE = wholemodule;
		};
			name = Release;
		};
		A80000000000000000000003 /* Debug */ = {
			isa = XCBuildConfiguration;
			buildSettings = {
				CODE_SIGN_ENTITLEMENTS = ShareSyncMacApp/ShareSyncMac.entitlements;
				CODE_SIGN_IDENTITY = "-";
				CODE_SIGN_STYLE = Automatic;
				CURRENT_PROJECT_VERSION = 1;
				DEAD_CODE_STRIPPING = YES;
				DEVELOPMENT_TEAM = 72HVCU235Z;
				ENABLE_APP_SANDBOX = NO;
				ENABLE_HARDENED_RUNTIME = YES;
				GENERATE_INFOPLIST_FILE = NO;
				INFOPLIST_FILE = ShareSyncMacApp/Info.plist;
				LD_RUNPATH_SEARCH_PATHS = "$(inherited) @executable_path/../Frameworks";
				MACOSX_DEPLOYMENT_TARGET = 13.0;
				MARKETING_VERSION = 0.1.0;
				OTHER_LDFLAGS = "-lsqlite3";
				PRODUCT_BUNDLE_IDENTIFIER = com.sharesync.mac.debug;
				PRODUCT_NAME = "ShareSync Mac";
				SHARESYNC_DISPLAY_NAME = "ShareSync Mac Dev";
				SWIFT_EMIT_LOC_STRINGS = NO;
				SWIFT_VERSION = 5.0;
			};
			name = Debug;
		};
		A80000000000000000000004 /* Release */ = {
			isa = XCBuildConfiguration;
			buildSettings = {
				CODE_SIGN_ENTITLEMENTS = ShareSyncMacApp/ShareSyncMac.entitlements;
				CODE_SIGN_STYLE = Automatic;
				CURRENT_PROJECT_VERSION = 1;
				DEAD_CODE_STRIPPING = YES;
				DEVELOPMENT_TEAM = 72HVCU235Z;
				ENABLE_APP_SANDBOX = NO;
				ENABLE_HARDENED_RUNTIME = YES;
				GENERATE_INFOPLIST_FILE = NO;
				INFOPLIST_FILE = ShareSyncMacApp/Info.plist;
				LD_RUNPATH_SEARCH_PATHS = "$(inherited) @executable_path/../Frameworks";
				MACOSX_DEPLOYMENT_TARGET = 13.0;
				MARKETING_VERSION = 0.1.0;
				OTHER_LDFLAGS = "-lsqlite3";
				PRODUCT_BUNDLE_IDENTIFIER = com.sharesync.mac;
				PRODUCT_NAME = "ShareSync Mac";
				SHARESYNC_DISPLAY_NAME = "ShareSync Mac";
				SWIFT_EMIT_LOC_STRINGS = NO;
				SWIFT_VERSION = 5.0;
			};
			name = Release;
		};
		B80000000000000000000001 /* Debug */ = {
			isa = XCBuildConfiguration;
			buildSettings = {
				BRIDGE_DISPLAY_NAME = "ShareSync Messages Bridge Dev";
				CODE_SIGN_ENTITLEMENTS = ShareSyncMessagesBridge/ShareSyncMessagesBridge.entitlements;
				CODE_SIGN_IDENTITY = "-";
				CODE_SIGN_STYLE = Automatic;
				CURRENT_PROJECT_VERSION = 1;
				DEAD_CODE_STRIPPING = YES;
				DEVELOPMENT_TEAM = 72HVCU235Z;
				ENABLE_APP_SANDBOX = NO;
				ENABLE_HARDENED_RUNTIME = YES;
				GENERATE_INFOPLIST_FILE = NO;
				INFOPLIST_FILE = ShareSyncMessagesBridge/Info.plist;
				LD_RUNPATH_SEARCH_PATHS = "$(inherited) @executable_path/../Frameworks";
				MACOSX_DEPLOYMENT_TARGET = 13.0;
				MARKETING_VERSION = 0.1.0;
				OTHER_LDFLAGS = "-lsqlite3";
				PRODUCT_BUNDLE_IDENTIFIER = com.sharesync.messages-bridge.debug;
				PRODUCT_NAME = "ShareSync Messages Bridge";
				SWIFT_EMIT_LOC_STRINGS = NO;
				SWIFT_VERSION = 5.0;
			};
			name = Debug;
		};
		B80000000000000000000002 /* Release */ = {
			isa = XCBuildConfiguration;
			buildSettings = {
				BRIDGE_DISPLAY_NAME = "ShareSync Messages Bridge";
				CODE_SIGN_ENTITLEMENTS = ShareSyncMessagesBridge/ShareSyncMessagesBridge.entitlements;
				CODE_SIGN_STYLE = Automatic;
				CURRENT_PROJECT_VERSION = 1;
				DEAD_CODE_STRIPPING = YES;
				DEVELOPMENT_TEAM = 72HVCU235Z;
				ENABLE_APP_SANDBOX = NO;
				ENABLE_HARDENED_RUNTIME = YES;
				GENERATE_INFOPLIST_FILE = NO;
				INFOPLIST_FILE = ShareSyncMessagesBridge/Info.plist;
				LD_RUNPATH_SEARCH_PATHS = "$(inherited) @executable_path/../Frameworks";
				MACOSX_DEPLOYMENT_TARGET = 13.0;
				MARKETING_VERSION = 0.1.0;
				OTHER_LDFLAGS = "-lsqlite3";
				PRODUCT_BUNDLE_IDENTIFIER = com.sharesync.messages-bridge;
				PRODUCT_NAME = "ShareSync Messages Bridge";
				SWIFT_EMIT_LOC_STRINGS = NO;
				SWIFT_VERSION = 5.0;
			};
			name = Release;
		};
/* End XCBuildConfiguration section */

/* Begin XCConfigurationList section */
		A90000000000000000000001 /* Build configuration list for PBXProject "ShareSyncMac" */ = {
			isa = XCConfigurationList;
			buildConfigurations = (
				A80000000000000000000001 /* Debug */,
				A80000000000000000000002 /* Release */,
			);
			defaultConfigurationIsVisible = 0;
			defaultConfigurationName = Release;
		};
		A90000000000000000000002 /* Build configuration list for PBXNativeTarget "ShareSyncMac" */ = {
			isa = XCConfigurationList;
			buildConfigurations = (
				A80000000000000000000003 /* Debug */,
				A80000000000000000000004 /* Release */,
			);
			defaultConfigurationIsVisible = 0;
			defaultConfigurationName = Release;
		};
		B90000000000000000000001 /* Build configuration list for PBXNativeTarget "ShareSyncMessagesBridge" */ = {
			isa = XCConfigurationList;
			buildConfigurations = (
				B80000000000000000000001 /* Debug */,
				B80000000000000000000002 /* Release */,
			);
			defaultConfigurationIsVisible = 0;
			defaultConfigurationName = Release;
		};
/* End XCConfigurationList section */
	};
	rootObject = A60000000000000000000001 /* Project object */;
}
